
Microsoft Visual Studio Solution File, Format Version 12.00
# Visual Studio Version 17
VisualStudioVersion = 17.5.33627.172
MinimumVisualStudioVersion = 10.0.40219.1
Project("{FAE04EC0-301F-11D3-BF4B-00C04F79EFBC}") = "betterlauncher-nextgen", "betterlauncher-nextgen.csproj", "{5CC10352-7572-4521-AD22-5F980D8F8F05}"
EndProject
Global
	GlobalSection(SolutionConfigurationPlatforms) = preSolution
		Debug|Any CPU = Debug|Any CPU
		Release|Any CPU = Release|Any CPU
	EndGlobalSection
	GlobalSection(ProjectConfigurationPlatforms) = postSolution
		{5CC10352-7572-4521-AD22-5F980D8F8F05}.Debug|Any CPU.ActiveCfg = Debug|Any CPU
		{5CC10352-7572-4521-AD22-5F980D8F8F05}.Debug|Any CPU.Build.0 = Debug|Any CPU
		{5CC10352-7572-4521-AD22-5F980D8F8F05}.Release|Any CPU.ActiveCfg = Release|Any CPU
		{5CC10352-7572-4521-AD22-5F980D8F8F05}.Release|Any CPU.Build.0 = Release|Any CPU
	EndGlobalSection
	GlobalSection(SolutionProperties) = preSolution
		HideSolutionNode = FALSE
	EndGlobalSection
	GlobalSection(ExtensibilityGlobals) = postSolution
		SolutionGuid = {AA5EA988-D1F1-48CB-8FAD-A414B16A86B9}
	EndGlobalSection
EndGlobal
